
Microsoft Visual Studio Solution File, Format Version 12.00
# Visual Studio 15
VisualStudioVersion = 15.0.27004.2005
MinimumVisualStudioVersion = 10.0.40219.1
Project("{FAE04EC0-301F-11D3-BF4B-00C04F79EFBC}") = "DllClient", "..\..\..\..\11.Service\13.Core\DllService\DllClient\DllClient.csproj", "{A6CC8605-4108-43ED-987A-DBA25059805B}"
EndProject
Project("{FAE04EC0-301F-11D3-BF4B-00C04F79EFBC}") = "DllServerHost", "..\..\..\..\11.Service\13.Core\DllService\DllServerHost\DllServerHost.csproj", "{8FCDB07B-6F81-4C8C-85F9-1BBBBB73C744}"
EndProject
Project("{FAE04EC0-301F-11D3-BF4B-00C04F79EFBC}") = "X64Service", "..\..\..\..\11.Service\13.Core\DllService\X64DllService\X64Service\X64Service.csproj", "{CC75B75F-FDED-448F-8AC4-AC5E1E520CC7}"
EndProject
Project("{FAE04EC0-301F-11D3-BF4B-00C04F79EFBC}") = "X86DllServer", "..\..\..\..\11.Service\13.Core\DllService\X86DllServer\X86DllServer.csproj", "{766CDC1D-BAA1-4E74-B91B-BCCBEC083219}"
EndProject
Project("{FAE04EC0-301F-11D3-BF4B-00C04F79EFBC}") = "XLY.SF.Framework.Log4NetService", "..\..\..\..\01.Framework\XLY.SF.Framework.Log4NetService\XLY.SF.Framework.Log4NetService.csproj", "{6E3193B7-7316-415A-B529-0F743D5F267B}"
EndProject
Project("{FAE04EC0-301F-11D3-BF4B-00C04F79EFBC}") = "XLY.SF.Project.Domains", "..\..\..\..\11.Service\11.Domains\XLY.SF.Project.Domains\XLY.SF.Project.Domains.csproj", "{68F2D8A3-05A8-4AAA-A9E2-00071188595B}"
EndProject
Project("{FAE04EC0-301F-11D3-BF4B-00C04F79EFBC}") = "XLY.SF.Framework.Language", "..\..\..\..\01.Framework\XLY.SF.Framework.Language\XLY.SF.Framework.Language.csproj", "{95C796FD-57F1-4D2E-927F-4E34EA75E319}"
EndProject
Project("{FAE04EC0-301F-11D3-BF4B-00C04F79EFBC}") = "XLY.SF.Framework.Core.Base", "..\..\..\..\01.Framework\XLY.SF.Framework.Core.Base\XLY.SF.Framework.Core.Base.csproj", "{28682FE4-EC72-42A3-BB2C-27D19F55E14F}"
EndProject
Project("{FAE04EC0-301F-11D3-BF4B-00C04F79EFBC}") = "XLY.SF.Framework.BaseUtility", "..\..\..\..\01.Framework\XLY.SF.Framework.BaseUtility\XLY.SF.Framework.BaseUtility.csproj", "{E58B3BAA-0F89-4E6D-B34E-4607DFA8F805}"
EndProject
Project("{FAE04EC0-301F-11D3-BF4B-00C04F79EFBC}") = "XLY.SF.Project.DataFilter", "..\..\..\..\11.Service\13.Core\XLY.SF.Project.DataFilter\XLY.SF.Project.DataFilter.csproj", "{22661B55-AD41-4232-8EE7-485CAE0F4F3D}"
EndProject
Project("{FAE04EC0-301F-11D3-BF4B-00C04F79EFBC}") = "XLY.SF.Project.Views", "..\..\..\..\21.Presentation\View\XLY.SF.Project.Views\XLY.SF.Project.Views.csproj", "{4AFFF74B-66B7-4934-8E37-3D65B38A1B39}"
EndProject
Project("{2150E333-8FDC-42A3-9474-1A3956D46DE8}") = "Assistant", "Assistant", "{A529F940-C866-465F-BB01-603A863D918D}"
EndProject
Project("{FAE04EC0-301F-11D3-BF4B-00C04F79EFBC}") = "XLY.SF.Project.ViewModels", "..\..\..\..\21.Presentation\ViewModel\XLY.SF.Project.ViewModels\XLY.SF.Project.ViewModels.csproj", "{9D2B3936-A461-4B11-AB1B-FAFD1AEAB5DC}"
EndProject
Project("{FAE04EC0-301F-11D3-BF4B-00C04F79EFBC}") = "XLY.SF.Project.ViewDomain", "..\..\..\..\21.Presentation\ProjectContext\XLY.SF.Project.ViewDomain\XLY.SF.Project.ViewDomain.csproj", "{3048CC82-28C9-4833-8D71-EA86FEA3FB20}"
EndProject
Project("{FAE04EC0-301F-11D3-BF4B-00C04F79EFBC}") = "XLY.SF.Project.Extension", "..\..\..\..\21.Presentation\ProjectContext\ProjectExtend\XLY.SF.Project.Extension.csproj", "{E280C623-F0DD-47A8-AC87-80A0B5BBAFDB}"
EndProject
Project("{FAE04EC0-301F-11D3-BF4B-00C04F79EFBC}") = "XLY.SF.Project.Themes", "..\..\..\..\21.Presentation\Theme\XLY.SF.Project.Themes\XLY.SF.Project.Themes.csproj", "{C4C4FC67-5D56-4426-ACC5-B53CD24C6B69}"
EndProject
Project("{FAE04EC0-301F-11D3-BF4B-00C04F79EFBC}") = "TestHelper", "..\TestHelper\TestHelper\TestHelper.csproj", "{87D036B6-410D-4D13-8C3F-DC81C43DA496}"
EndProject
Project("{FAE04EC0-301F-11D3-BF4B-00C04F79EFBC}") = "XLY.SF.Project.Devices", "..\..\..\..\11.Service\13.Core\XLY.SF.Project.Devices\XLY.SF.Project.Devices.csproj", "{9EB7A2CF-AE03-47EE-B850-88A0FCCDD0BD}"
EndProject
Project("{FAE04EC0-301F-11D3-BF4B-00C04F79EFBC}") = "XLY.SF.Project.DataMirror", "..\..\..\..\11.Service\13.Core\XLY.SF.Project.DataMirror\XLY.SF.Project.DataMirror.csproj", "{9E9B358E-6067-41B9-B986-E58E09210FC5}"
EndProject
Project("{FAE04EC0-301F-11D3-BF4B-00C04F79EFBC}") = "XLY.SF.Project.ProxyService", "..\..\..\..\21.Presentation\ProjectContext\XLY.SF.Project.Proxy\XLY.SF.Project.ProxyService\XLY.SF.Project.ProxyService.csproj", "{22FCD4A7-053E-4FFB-AB33-4CA9A93903EE}"
EndProject
Project("{2150E333-8FDC-42A3-9474-1A3956D46DE8}") = "Dll", "Dll", "{81698BA0-AC38-4988-A749-51579795F4A0}"
EndProject
Project("{2150E333-8FDC-42A3-9474-1A3956D46DE8}") = "Mirror", "Mirror", "{9BF95808-E499-43EB-8576-EBED6B5A6B6B}"
EndProject
Project("{FAE04EC0-301F-11D3-BF4B-00C04F79EFBC}") = "XLY.SF.Project.MirrorBackgroundApp", "..\..\..\..\11.Service\13.Core\XLY.SF.Project.DataMirrorApp\XLY.SF.Project.MirrorBackgroundApp.csproj", "{C238AB12-8943-4CCD-B701-472F97FE5665}"
EndProject
Project("{FAE04EC0-301F-11D3-BF4B-00C04F79EFBC}") = "XLY.SF.Project.MirrorView", "..\..\..\..\21.Presentation\View\XLY.SF.Project.MirrorView\XLY.SF.Project.MirrorView.csproj", "{475A3B8A-1E15-4BB3-8BFD-B5932A80C5A7}"
EndProject
Global
	GlobalSection(SolutionConfigurationPlatforms) = preSolution
		Debug|Any CPU = Debug|Any CPU
		Debug|x64 = Debug|x64
		Debug|x86 = Debug|x86
		Release|Any CPU = Release|Any CPU
		Release|x64 = Release|x64
		Release|x86 = Release|x86
	EndGlobalSection
	GlobalSection(ProjectConfigurationPlatforms) = postSolution
		{A6CC8605-4108-43ED-987A-DBA25059805B}.Debug|Any CPU.ActiveCfg = Debug|Any CPU
		{A6CC8605-4108-43ED-987A-DBA25059805B}.Debug|Any CPU.Build.0 = Debug|Any CPU
		{A6CC8605-4108-43ED-987A-DBA25059805B}.Debug|x64.ActiveCfg = Debug|x64
		{A6CC8605-4108-43ED-987A-DBA25059805B}.Debug|x64.Build.0 = Debug|x64
		{A6CC8605-4108-43ED-987A-DBA25059805B}.Debug|x86.ActiveCfg = Debug|Any CPU
		{A6CC8605-4108-43ED-987A-DBA25059805B}.Debug|x86.Build.0 = Debug|Any CPU
		{A6CC8605-4108-43ED-987A-DBA25059805B}.Release|Any CPU.ActiveCfg = Release|Any CPU
		{A6CC8605-4108-43ED-987A-DBA25059805B}.Release|Any CPU.Build.0 = Release|Any CPU
		{A6CC8605-4108-43ED-987A-DBA25059805B}.Release|x64.ActiveCfg = Release|x64
		{A6CC8605-4108-43ED-987A-DBA25059805B}.Release|x64.Build.0 = Release|x64
		{A6CC8605-4108-43ED-987A-DBA25059805B}.Release|x86.ActiveCfg = Release|Any CPU
		{A6CC8605-4108-43ED-987A-DBA25059805B}.Release|x86.Build.0 = Release|Any CPU
		{8FCDB07B-6F81-4C8C-85F9-1BBBBB73C744}.Debug|Any CPU.ActiveCfg = Debug|Any CPU
		{8FCDB07B-6F81-4C8C-85F9-1BBBBB73C744}.Debug|Any CPU.Build.0 = Debug|Any CPU
		{8FCDB07B-6F81-4C8C-85F9-1BBBBB73C744}.Debug|x64.ActiveCfg = Debug|Any CPU
		{8FCDB07B-6F81-4C8C-85F9-1BBBBB73C744}.Debug|x64.Build.0 = Debug|Any CPU
		{8FCDB07B-6F81-4C8C-85F9-1BBBBB73C744}.Debug|x86.ActiveCfg = Debug|x86
		{8FCDB07B-6F81-4C8C-85F9-1BBBBB73C744}.Debug|x86.Build.0 = Debug|x86
		{8FCDB07B-6F81-4C8C-85F9-1BBBBB73C744}.Release|Any CPU.ActiveCfg = Release|Any CPU
		{8FCDB07B-6F81-4C8C-85F9-1BBBBB73C744}.Release|Any CPU.Build.0 = Release|Any CPU
		{8FCDB07B-6F81-4C8C-85F9-1BBBBB73C744}.Release|x64.ActiveCfg = Release|Any CPU
		{8FCDB07B-6F81-4C8C-85F9-1BBBBB73C744}.Release|x64.Build.0 = Release|Any CPU
		{8FCDB07B-6F81-4C8C-85F9-1BBBBB73C744}.Release|x86.ActiveCfg = Release|x86
		{8FCDB07B-6F81-4C8C-85F9-1BBBBB73C744}.Release|x86.Build.0 = Release|x86
		{CC75B75F-FDED-448F-8AC4-AC5E1E520CC7}.Debug|Any CPU.ActiveCfg = Debug|Any CPU
		{CC75B75F-FDED-448F-8AC4-AC5E1E520CC7}.Debug|Any CPU.Build.0 = Debug|Any CPU
		{CC75B75F-FDED-448F-8AC4-AC5E1E520CC7}.Debug|x64.ActiveCfg = Debug|x64
		{CC75B75F-FDED-448F-8AC4-AC5E1E520CC7}.Debug|x64.Build.0 = Debug|x64
		{CC75B75F-FDED-448F-8AC4-AC5E1E520CC7}.Debug|x86.ActiveCfg = Debug|Any CPU
		{CC75B75F-FDED-448F-8AC4-AC5E1E520CC7}.Debug|x86.Build.0 = Debug|Any CPU
		{CC75B75F-FDED-448F-8AC4-AC5E1E520CC7}.Release|Any CPU.ActiveCfg = Release|Any CPU
		{CC75B75F-FDED-448F-8AC4-AC5E1E520CC7}.Release|Any CPU.Build.0 = Release|Any CPU
		{CC75B75F-FDED-448F-8AC4-AC5E1E520CC7}.Release|x64.ActiveCfg = Release|x64
		{CC75B75F-FDED-448F-8AC4-AC5E1E520CC7}.Release|x64.Build.0 = Release|x64
		{CC75B75F-FDED-448F-8AC4-AC5E1E520CC7}.Release|x86.ActiveCfg = Release|Any CPU
		{CC75B75F-FDED-448F-8AC4-AC5E1E520CC7}.Release|x86.Build.0 = Release|Any CPU
		{766CDC1D-BAA1-4E74-B91B-BCCBEC083219}.Debug|Any CPU.ActiveCfg = Debug|Any CPU
		{766CDC1D-BAA1-4E74-B91B-BCCBEC083219}.Debug|Any CPU.Build.0 = Debug|Any CPU
		{766CDC1D-BAA1-4E74-B91B-BCCBEC083219}.Debug|x64.ActiveCfg = Debug|Any CPU
		{766CDC1D-BAA1-4E74-B91B-BCCBEC083219}.Debug|x64.Build.0 = Debug|Any CPU
		{766CDC1D-BAA1-4E74-B91B-BCCBEC083219}.Debug|x86.ActiveCfg = Debug|x86
		{766CDC1D-BAA1-4E74-B91B-BCCBEC083219}.Debug|x86.Build.0 = Debug|x86
		{766CDC1D-BAA1-4E74-B91B-BCCBEC083219}.Release|Any CPU.ActiveCfg = Release|Any CPU
		{766CDC1D-BAA1-4E74-B91B-BCCBEC083219}.Release|Any CPU.Build.0 = Release|Any CPU
		{766CDC1D-BAA1-4E74-B91B-BCCBEC083219}.Release|x64.ActiveCfg = Release|Any CPU
		{766CDC1D-BAA1-4E74-B91B-BCCBEC083219}.Release|x64.Build.0 = Release|Any CPU
		{766CDC1D-BAA1-4E74-B91B-BCCBEC083219}.Release|x86.ActiveCfg = Release|x86
		{766CDC1D-BAA1-4E74-B91B-BCCBEC083219}.Release|x86.Build.0 = Release|x86
		{6E3193B7-7316-415A-B529-0F743D5F267B}.Debug|Any CPU.ActiveCfg = Debug|Any CPU
		{6E3193B7-7316-415A-B529-0F743D5F267B}.Debug|Any CPU.Build.0 = Debug|Any CPU
		{6E3193B7-7316-415A-B529-0F743D5F267B}.Debug|x64.ActiveCfg = Debug|x64
		{6E3193B7-7316-415A-B529-0F743D5F267B}.Debug|x64.Build.0 = Debug|x64
		{6E3193B7-7316-415A-B529-0F743D5F267B}.Debug|x86.ActiveCfg = Debug|x86
		{6E3193B7-7316-415A-B529-0F743D5F267B}.Debug|x86.Build.0 = Debug|x86
		{6E3193B7-7316-415A-B529-0F743D5F267B}.Release|Any CPU.ActiveCfg = Release|Any CPU
		{6E3193B7-7316-415A-B529-0F743D5F267B}.Release|Any CPU.Build.0 = Release|Any CPU
		{6E3193B7-7316-415A-B529-0F743D5F267B}.Release|x64.ActiveCfg = Release|x64
		{6E3193B7-7316-415A-B529-0F743D5F267B}.Release|x64.Build.0 = Release|x64
		{6E3193B7-7316-415A-B529-0F743D5F267B}.Release|x86.ActiveCfg = Release|x86
		{6E3193B7-7316-415A-B529-0F743D5F267B}.Release|x86.Build.0 = Release|x86
		{68F2D8A3-05A8-4AAA-A9E2-00071188595B}.Debug|Any CPU.ActiveCfg = Debug|Any CPU
		{68F2D8A3-05A8-4AAA-A9E2-00071188595B}.Debug|Any CPU.Build.0 = Debug|Any CPU
		{68F2D8A3-05A8-4AAA-A9E2-00071188595B}.Debug|x64.ActiveCfg = Debug|x64
		{68F2D8A3-05A8-4AAA-A9E2-00071188595B}.Debug|x64.Build.0 = Debug|x64
		{68F2D8A3-05A8-4AAA-A9E2-00071188595B}.Debug|x86.ActiveCfg = Debug|x86
		{68F2D8A3-05A8-4AAA-A9E2-00071188595B}.Debug|x86.Build.0 = Debug|x86
		{68F2D8A3-05A8-4AAA-A9E2-00071188595B}.Release|Any CPU.ActiveCfg = Release|Any CPU
		{68F2D8A3-05A8-4AAA-A9E2-00071188595B}.Release|Any CPU.Build.0 = Release|Any CPU
		{68F2D8A3-05A8-4AAA-A9E2-00071188595B}.Release|x64.ActiveCfg = Release|x64
		{68F2D8A3-05A8-4AAA-A9E2-00071188595B}.Release|x64.Build.0 = Release|x64
		{68F2D8A3-05A8-4AAA-A9E2-00071188595B}.Release|x86.ActiveCfg = Release|x86
		{68F2D8A3-05A8-4AAA-A9E2-00071188595B}.Release|x86.Build.0 = Release|x86
		{95C796FD-57F1-4D2E-927F-4E34EA75E319}.Debug|Any CPU.ActiveCfg = Debug|Any CPU
		{95C796FD-57F1-4D2E-927F-4E34EA75E319}.Debug|Any CPU.Build.0 = Debug|Any CPU
		{95C796FD-57F1-4D2E-927F-4E34EA75E319}.Debug|x64.ActiveCfg = Debug|x64
		{95C796FD-57F1-4D2E-927F-4E34EA75E319}.Debug|x64.Build.0 = Debug|x64
		{95C796FD-57F1-4D2E-927F-4E34EA75E319}.Debug|x86.ActiveCfg = Debug|x86
		{95C796FD-57F1-4D2E-927F-4E34EA75E319}.Debug|x86.Build.0 = Debug|x86
		{95C796FD-57F1-4D2E-927F-4E34EA75E319}.Release|Any CPU.ActiveCfg = Release|Any CPU
		{95C796FD-57F1-4D2E-927F-4E34EA75E319}.Release|Any CPU.Build.0 = Release|Any CPU
		{95C796FD-57F1-4D2E-927F-4E34EA75E319}.Release|x64.ActiveCfg = Release|x64
		{95C796FD-57F1-4D2E-927F-4E34EA75E319}.Release|x64.Build.0 = Release|x64
		{95C796FD-57F1-4D2E-927F-4E34EA75E319}.Release|x86.ActiveCfg = Release|x86
		{95C796FD-57F1-4D2E-927F-4E34EA75E319}.Release|x86.Build.0 = Release|x86
		{28682FE4-EC72-42A3-BB2C-27D19F55E14F}.Debug|Any CPU.ActiveCfg = Debug|Any CPU
		{28682FE4-EC72-42A3-BB2C-27D19F55E14F}.Debug|Any CPU.Build.0 = Debug|Any CPU
		{28682FE4-EC72-42A3-BB2C-27D19F55E14F}.Debug|x64.ActiveCfg = Debug|x64
		{28682FE4-EC72-42A3-BB2C-27D19F55E14F}.Debug|x64.Build.0 = Debug|x64
		{28682FE4-EC72-42A3-BB2C-27D19F55E14F}.Debug|x86.ActiveCfg = Debug|x86
		{28682FE4-EC72-42A3-BB2C-27D19F55E14F}.Debug|x86.Build.0 = Debug|x86
		{28682FE4-EC72-42A3-BB2C-27D19F55E14F}.Release|Any CPU.ActiveCfg = Release|Any CPU
		{28682FE4-EC72-42A3-BB2C-27D19F55E14F}.Release|Any CPU.Build.0 = Release|Any CPU
		{28682FE4-EC72-42A3-BB2C-27D19F55E14F}.Release|x64.ActiveCfg = Release|x64
		{28682FE4-EC72-42A3-BB2C-27D19F55E14F}.Release|x64.Build.0 = Release|x64
		{28682FE4-EC72-42A3-BB2C-27D19F55E14F}.Release|x86.ActiveCfg = Release|x86
		{28682FE4-EC72-42A3-BB2C-27D19F55E14F}.Release|x86.Build.0 = Release|x86
		{E58B3BAA-0F89-4E6D-B34E-4607DFA8F805}.Debug|Any CPU.ActiveCfg = Debug|Any CPU
		{E58B3BAA-0F89-4E6D-B34E-4607DFA8F805}.Debug|Any CPU.Build.0 = Debug|Any CPU
		{E58B3BAA-0F89-4E6D-B34E-4607DFA8F805}.Debug|x64.ActiveCfg = Debug|x64
		{E58B3BAA-0F89-4E6D-B34E-4607DFA8F805}.Debug|x64.Build.0 = Debug|x64
		{E58B3BAA-0F89-4E6D-B34E-4607DFA8F805}.Debug|x86.ActiveCfg = Debug|Any CPU
		{E58B3BAA-0F89-4E6D-B34E-4607DFA8F805}.Debug|x86.Build.0 = Debug|Any CPU
		{E58B3BAA-0F89-4E6D-B34E-4607DFA8F805}.Release|Any CPU.ActiveCfg = Release|Any CPU
		{E58B3BAA-0F89-4E6D-B34E-4607DFA8F805}.Release|Any CPU.Build.0 = Release|Any CPU
		{E58B3BAA-0F89-4E6D-B34E-4607DFA8F805}.Release|x64.ActiveCfg = Release|x64
		{E58B3BAA-0F89-4E6D-B34E-4607DFA8F805}.Release|x64.Build.0 = Release|x64
		{E58B3BAA-0F89-4E6D-B34E-4607DFA8F805}.Release|x86.ActiveCfg = Release|Any CPU
		{E58B3BAA-0F89-4E6D-B34E-4607DFA8F805}.Release|x86.Build.0 = Release|Any CPU
		{22661B55-AD41-4232-8EE7-485CAE0F4F3D}.Debug|Any CPU.ActiveCfg = Debug|Any CPU
		{22661B55-AD41-4232-8EE7-485CAE0F4F3D}.Debug|Any CPU.Build.0 = Debug|Any CPU
		{22661B55-AD41-4232-8EE7-485CAE0F4F3D}.Debug|x64.ActiveCfg = Debug|Any CPU
		{22661B55-AD41-4232-8EE7-485CAE0F4F3D}.Debug|x64.Build.0 = Debug|Any CPU
		{22661B55-AD41-4232-8EE7-485CAE0F4F3D}.Debug|x86.ActiveCfg = Debug|Any CPU
		{22661B55-AD41-4232-8EE7-485CAE0F4F3D}.Debug|x86.Build.0 = Debug|Any CPU
		{22661B55-AD41-4232-8EE7-485CAE0F4F3D}.Release|Any CPU.ActiveCfg = Release|Any CPU
		{22661B55-AD41-4232-8EE7-485CAE0F4F3D}.Release|Any CPU.Build.0 = Release|Any CPU
		{22661B55-AD41-4232-8EE7-485CAE0F4F3D}.Release|x64.ActiveCfg = Release|Any CPU
		{22661B55-AD41-4232-8EE7-485CAE0F4F3D}.Release|x64.Build.0 = Release|Any CPU
		{22661B55-AD41-4232-8EE7-485CAE0F4F3D}.Release|x86.ActiveCfg = Release|Any CPU
		{22661B55-AD41-4232-8EE7-485CAE0F4F3D}.Release|x86.Build.0 = Release|Any CPU
		{4AFFF74B-66B7-4934-8E37-3D65B38A1B39}.Debug|Any CPU.ActiveCfg = Debug|Any CPU
		{4AFFF74B-66B7-4934-8E37-3D65B38A1B39}.Debug|Any CPU.Build.0 = Debug|Any CPU
		{4AFFF74B-66B7-4934-8E37-3D65B38A1B39}.Debug|x64.ActiveCfg = Debug|x64
		{4AFFF74B-66B7-4934-8E37-3D65B38A1B39}.Debug|x64.Build.0 = Debug|x64
		{4AFFF74B-66B7-4934-8E37-3D65B38A1B39}.Debug|x86.ActiveCfg = Debug|x86
		{4AFFF74B-66B7-4934-8E37-3D65B38A1B39}.Debug|x86.Build.0 = Debug|x86
		{4AFFF74B-66B7-4934-8E37-3D65B38A1B39}.Release|Any CPU.ActiveCfg = Release|Any CPU
		{4AFFF74B-66B7-4934-8E37-3D65B38A1B39}.Release|Any CPU.Build.0 = Release|Any CPU
		{4AFFF74B-66B7-4934-8E37-3D65B38A1B39}.Release|x64.ActiveCfg = Release|x64
		{4AFFF74B-66B7-4934-8E37-3D65B38A1B39}.Release|x64.Build.0 = Release|x64
		{4AFFF74B-66B7-4934-8E37-3D65B38A1B39}.Release|x86.ActiveCfg = Release|x86
		{4AFFF74B-66B7-4934-8E37-3D65B38A1B39}.Release|x86.Build.0 = Release|x86
		{9D2B3936-A461-4B11-AB1B-FAFD1AEAB5DC}.Debug|Any CPU.ActiveCfg = Debug|Any CPU
		{9D2B3936-A461-4B11-AB1B-FAFD1AEAB5DC}.Debug|Any CPU.Build.0 = Debug|Any CPU
		{9D2B3936-A461-4B11-AB1B-FAFD1AEAB5DC}.Debug|x64.ActiveCfg = Debug|x64
		{9D2B3936-A461-4B11-AB1B-FAFD1AEAB5DC}.Debug|x64.Build.0 = Debug|x64
		{9D2B3936-A461-4B11-AB1B-FAFD1AEAB5DC}.Debug|x86.ActiveCfg = Debug|x86
		{9D2B3936-A461-4B11-AB1B-FAFD1AEAB5DC}.Debug|x86.Build.0 = Debug|x86
		{9D2B3936-A461-4B11-AB1B-FAFD1AEAB5DC}.Release|Any CPU.ActiveCfg = Release|Any CPU
		{9D2B3936-A461-4B11-AB1B-FAFD1AEAB5DC}.Release|Any CPU.Build.0 = Release|Any CPU
		{9D2B3936-A461-4B11-AB1B-FAFD1AEAB5DC}.Release|x64.ActiveCfg = Release|x64
		{9D2B3936-A461-4B11-AB1B-FAFD1AEAB5DC}.Release|x64.Build.0 = Release|x64
		{9D2B3936-A461-4B11-AB1B-FAFD1AEAB5DC}.Release|x86.ActiveCfg = Release|x86
		{9D2B3936-A461-4B11-AB1B-FAFD1AEAB5DC}.Release|x86.Build.0 = Release|x86
		{3048CC82-28C9-4833-8D71-EA86FEA3FB20}.Debug|Any CPU.ActiveCfg = Debug|Any CPU
		{3048CC82-28C9-4833-8D71-EA86FEA3FB20}.Debug|Any CPU.Build.0 = Debug|Any CPU
		{3048CC82-28C9-4833-8D71-EA86FEA3FB20}.Debug|x64.ActiveCfg = Debug|Any CPU
		{3048CC82-28C9-4833-8D71-EA86FEA3FB20}.Debug|x64.Build.0 = Debug|Any CPU
		{3048CC82-28C9-4833-8D71-EA86FEA3FB20}.Debug|x86.ActiveCfg = Debug|Any CPU
		{3048CC82-28C9-4833-8D71-EA86FEA3FB20}.Debug|x86.Build.0 = Debug|Any CPU
		{3048CC82-28C9-4833-8D71-EA86FEA3FB20}.Release|Any CPU.ActiveCfg = Release|Any CPU
		{3048CC82-28C9-4833-8D71-EA86FEA3FB20}.Release|Any CPU.Build.0 = Release|Any CPU
		{3048CC82-28C9-4833-8D71-EA86FEA3FB20}.Release|x64.ActiveCfg = Release|Any CPU
		{3048CC82-28C9-4833-8D71-EA86FEA3FB20}.Release|x64.Build.0 = Release|Any CPU
		{3048CC82-28C9-4833-8D71-EA86FEA3FB20}.Release|x86.ActiveCfg = Release|Any CPU
		{3048CC82-28C9-4833-8D71-EA86FEA3FB20}.Release|x86.Build.0 = Release|Any CPU
		{E280C623-F0DD-47A8-AC87-80A0B5BBAFDB}.Debug|Any CPU.ActiveCfg = Debug|Any CPU
		{E280C623-F0DD-47A8-AC87-80A0B5BBAFDB}.Debug|Any CPU.Build.0 = Debug|Any CPU
		{E280C623-F0DD-47A8-AC87-80A0B5BBAFDB}.Debug|x64.ActiveCfg = Debug|Any CPU
		{E280C623-F0DD-47A8-AC87-80A0B5BBAFDB}.Debug|x64.Build.0 = Debug|Any CPU
		{E280C623-F0DD-47A8-AC87-80A0B5BBAFDB}.Debug|x86.ActiveCfg = Debug|Any CPU
		{E280C623-F0DD-47A8-AC87-80A0B5BBAFDB}.Debug|x86.Build.0 = Debug|Any CPU
		{E280C623-F0DD-47A8-AC87-80A0B5BBAFDB}.Release|Any CPU.ActiveCfg = Release|Any CPU
		{E280C623-F0DD-47A8-AC87-80A0B5BBAFDB}.Release|Any CPU.Build.0 = Release|Any CPU
		{E280C623-F0DD-47A8-AC87-80A0B5BBAFDB}.Release|x64.ActiveCfg = Release|Any CPU
		{E280C623-F0DD-47A8-AC87-80A0B5BBAFDB}.Release|x64.Build.0 = Release|Any CPU
		{E280C623-F0DD-47A8-AC87-80A0B5BBAFDB}.Release|x86.ActiveCfg = Release|Any CPU
		{E280C623-F0DD-47A8-AC87-80A0B5BBAFDB}.Release|x86.Build.0 = Release|Any CPU
		{C4C4FC67-5D56-4426-ACC5-B53CD24C6B69}.Debug|Any CPU.ActiveCfg = Debug|Any CPU
		{C4C4FC67-5D56-4426-ACC5-B53CD24C6B69}.Debug|Any CPU.Build.0 = Debug|Any CPU
		{C4C4FC67-5D56-4426-ACC5-B53CD24C6B69}.Debug|x64.ActiveCfg = Debug|x64
		{C4C4FC67-5D56-4426-ACC5-B53CD24C6B69}.Debug|x64.Build.0 = Debug|x64
		{C4C4FC67-5D56-4426-ACC5-B53CD24C6B69}.Debug|x86.ActiveCfg = Debug|x86
		{C4C4FC67-5D56-4426-ACC5-B53CD24C6B69}.Debug|x86.Build.0 = Debug|x86
		{C4C4FC67-5D56-4426-ACC5-B53CD24C6B69}.Release|Any CPU.ActiveCfg = Release|Any CPU
		{C4C4FC67-5D56-4426-ACC5-B53CD24C6B69}.Release|Any CPU.Build.0 = Release|Any CPU
		{C4C4FC67-5D56-4426-ACC5-B53CD24C6B69}.Release|x64.ActiveCfg = Release|x64
		{C4C4FC67-5D56-4426-ACC5-B53CD24C6B69}.Release|x64.Build.0 = Release|x64
		{C4C4FC67-5D56-4426-ACC5-B53CD24C6B69}.Release|x86.ActiveCfg = Release|x86
		{C4C4FC67-5D56-4426-ACC5-B53CD24C6B69}.Release|x86.Build.0 = Release|x86
		{87D036B6-410D-4D13-8C3F-DC81C43DA496}.Debug|Any CPU.ActiveCfg = Debug|Any CPU
		{87D036B6-410D-4D13-8C3F-DC81C43DA496}.Debug|Any CPU.Build.0 = Debug|Any CPU
		{87D036B6-410D-4D13-8C3F-DC81C43DA496}.Debug|x64.ActiveCfg = Debug|Any CPU
		{87D036B6-410D-4D13-8C3F-DC81C43DA496}.Debug|x64.Build.0 = Debug|Any CPU
		{87D036B6-410D-4D13-8C3F-DC81C43DA496}.Debug|x86.ActiveCfg = Debug|Any CPU
		{87D036B6-410D-4D13-8C3F-DC81C43DA496}.Debug|x86.Build.0 = Debug|Any CPU
		{87D036B6-410D-4D13-8C3F-DC81C43DA496}.Release|Any CPU.ActiveCfg = Release|Any CPU
		{87D036B6-410D-4D13-8C3F-DC81C43DA496}.Release|Any CPU.Build.0 = Release|Any CPU
		{87D036B6-410D-4D13-8C3F-DC81C43DA496}.Release|x64.ActiveCfg = Release|Any CPU
		{87D036B6-410D-4D13-8C3F-DC81C43DA496}.Release|x64.Build.0 = Release|Any CPU
		{87D036B6-410D-4D13-8C3F-DC81C43DA496}.Release|x86.ActiveCfg = Release|Any CPU
		{87D036B6-410D-4D13-8C3F-DC81C43DA496}.Release|x86.Build.0 = Release|Any CPU
		{9EB7A2CF-AE03-47EE-B850-88A0FCCDD0BD}.Debug|Any CPU.ActiveCfg = Debug|Any CPU
		{9EB7A2CF-AE03-47EE-B850-88A0FCCDD0BD}.Debug|Any CPU.Build.0 = Debug|Any CPU
		{9EB7A2CF-AE03-47EE-B850-88A0FCCDD0BD}.Debug|x64.ActiveCfg = Debug|x64
		{9EB7A2CF-AE03-47EE-B850-88A0FCCDD0BD}.Debug|x64.Build.0 = Debug|x64
		{9EB7A2CF-AE03-47EE-B850-88A0FCCDD0BD}.Debug|x86.ActiveCfg = Debug|Any CPU
		{9EB7A2CF-AE03-47EE-B850-88A0FCCDD0BD}.Debug|x86.Build.0 = Debug|Any CPU
		{9EB7A2CF-AE03-47EE-B850-88A0FCCDD0BD}.Release|Any CPU.ActiveCfg = Release|Any CPU
		{9EB7A2CF-AE03-47EE-B850-88A0FCCDD0BD}.Release|Any CPU.Build.0 = Release|Any CPU
		{9EB7A2CF-AE03-47EE-B850-88A0FCCDD0BD}.Release|x64.ActiveCfg = Release|x64
		{9EB7A2CF-AE03-47EE-B850-88A0FCCDD0BD}.Release|x64.Build.0 = Release|x64
		{9EB7A2CF-AE03-47EE-B850-88A0FCCDD0BD}.Release|x86.ActiveCfg = Release|Any CPU
		{9EB7A2CF-AE03-47EE-B850-88A0FCCDD0BD}.Release|x86.Build.0 = Release|Any CPU
		{9E9B358E-6067-41B9-B986-E58E09210FC5}.Debug|Any CPU.ActiveCfg = Debug|Any CPU
		{9E9B358E-6067-41B9-B986-E58E09210FC5}.Debug|Any CPU.Build.0 = Debug|Any CPU
		{9E9B358E-6067-41B9-B986-E58E09210FC5}.Debug|x64.ActiveCfg = Debug|x64
		{9E9B358E-6067-41B9-B986-E58E09210FC5}.Debug|x64.Build.0 = Debug|x64
		{9E9B358E-6067-41B9-B986-E58E09210FC5}.Debug|x86.ActiveCfg = Debug|x86
		{9E9B358E-6067-41B9-B986-E58E09210FC5}.Debug|x86.Build.0 = Debug|x86
		{9E9B358E-6067-41B9-B986-E58E09210FC5}.Release|Any CPU.ActiveCfg = Release|Any CPU
		{9E9B358E-6067-41B9-B986-E58E09210FC5}.Release|Any CPU.Build.0 = Release|Any CPU
		{9E9B358E-6067-41B9-B986-E58E09210FC5}.Release|x64.ActiveCfg = Release|x64
		{9E9B358E-6067-41B9-B986-E58E09210FC5}.Release|x64.Build.0 = Release|x64
		{9E9B358E-6067-41B9-B986-E58E09210FC5}.Release|x86.ActiveCfg = Release|x86
		{9E9B358E-6067-41B9-B986-E58E09210FC5}.Release|x86.Build.0 = Release|x86
		{22FCD4A7-053E-4FFB-AB33-4CA9A93903EE}.Debug|Any CPU.ActiveCfg = Debug|Any CPU
		{22FCD4A7-053E-4FFB-AB33-4CA9A93903EE}.Debug|Any CPU.Build.0 = Debug|Any CPU
		{22FCD4A7-053E-4FFB-AB33-4CA9A93903EE}.Debug|x64.ActiveCfg = Debug|Any CPU
		{22FCD4A7-053E-4FFB-AB33-4CA9A93903EE}.Debug|x64.Build.0 = Debug|Any CPU
		{22FCD4A7-053E-4FFB-AB33-4CA9A93903EE}.Debug|x86.ActiveCfg = Debug|Any CPU
		{22FCD4A7-053E-4FFB-AB33-4CA9A93903EE}.Debug|x86.Build.0 = Debug|Any CPU
		{22FCD4A7-053E-4FFB-AB33-4CA9A93903EE}.Release|Any CPU.ActiveCfg = Release|Any CPU
		{22FCD4A7-053E-4FFB-AB33-4CA9A93903EE}.Release|Any CPU.Build.0 = Release|Any CPU
		{22FCD4A7-053E-4FFB-AB33-4CA9A93903EE}.Release|x64.ActiveCfg = Release|Any CPU
		{22FCD4A7-053E-4FFB-AB33-4CA9A93903EE}.Release|x64.Build.0 = Release|Any CPU
		{22FCD4A7-053E-4FFB-AB33-4CA9A93903EE}.Release|x86.ActiveCfg = Release|Any CPU
		{22FCD4A7-053E-4FFB-AB33-4CA9A93903EE}.Release|x86.Build.0 = Release|Any CPU
		{C238AB12-8943-4CCD-B701-472F97FE5665}.Debug|Any CPU.ActiveCfg = Debug|Any CPU
		{C238AB12-8943-4CCD-B701-472F97FE5665}.Debug|Any CPU.Build.0 = Debug|Any CPU
		{C238AB12-8943-4CCD-B701-472F97FE5665}.Debug|x64.ActiveCfg = Debug|Any CPU
		{C238AB12-8943-4CCD-B701-472F97FE5665}.Debug|x64.Build.0 = Debug|Any CPU
		{C238AB12-8943-4CCD-B701-472F97FE5665}.Debug|x86.ActiveCfg = Debug|Any CPU
		{C238AB12-8943-4CCD-B701-472F97FE5665}.Debug|x86.Build.0 = Debug|Any CPU
		{C238AB12-8943-4CCD-B701-472F97FE5665}.Release|Any CPU.ActiveCfg = Release|Any CPU
		{C238AB12-8943-4CCD-B701-472F97FE5665}.Release|Any CPU.Build.0 = Release|Any CPU
		{C238AB12-8943-4CCD-B701-472F97FE5665}.Release|x64.ActiveCfg = Release|Any CPU
		{C238AB12-8943-4CCD-B701-472F97FE5665}.Release|x64.Build.0 = Release|Any CPU
		{C238AB12-8943-4CCD-B701-472F97FE5665}.Release|x86.ActiveCfg = Release|Any CPU
		{C238AB12-8943-4CCD-B701-472F97FE5665}.Release|x86.Build.0 = Release|Any CPU
		{475A3B8A-1E15-4BB3-8BFD-B5932A80C5A7}.Debug|Any CPU.ActiveCfg = Debug|Any CPU
		{475A3B8A-1E15-4BB3-8BFD-B5932A80C5A7}.Debug|Any CPU.Build.0 = Debug|Any CPU
		{475A3B8A-1E15-4BB3-8BFD-B5932A80C5A7}.Debug|x64.ActiveCfg = Debug|Any CPU
		{475A3B8A-1E15-4BB3-8BFD-B5932A80C5A7}.Debug|x64.Build.0 = Debug|Any CPU
		{475A3B8A-1E15-4BB3-8BFD-B5932A80C5A7}.Debug|x86.ActiveCfg = Debug|Any CPU
		{475A3B8A-1E15-4BB3-8BFD-B5932A80C5A7}.Debug|x86.Build.0 = Debug|Any CPU
		{475A3B8A-1E15-4BB3-8BFD-B5932A80C5A7}.Release|Any CPU.ActiveCfg = Release|Any CPU
		{475A3B8A-1E15-4BB3-8BFD-B5932A80C5A7}.Release|Any CPU.Build.0 = Release|Any CPU
		{475A3B8A-1E15-4BB3-8BFD-B5932A80C5A7}.Release|x64.ActiveCfg = Release|Any CPU
		{475A3B8A-1E15-4BB3-8BFD-B5932A80C5A7}.Release|x64.Build.0 = Release|Any CPU
		{475A3B8A-1E15-4BB3-8BFD-B5932A80C5A7}.Release|x86.ActiveCfg = Release|Any CPU
		{475A3B8A-1E15-4BB3-8BFD-B5932A80C5A7}.Release|x86.Build.0 = Release|Any CPU
	EndGlobalSection
	GlobalSection(SolutionProperties) = preSolution
		HideSolutionNode = FALSE
	EndGlobalSection
	GlobalSection(NestedProjects) = preSolution
		{A6CC8605-4108-43ED-987A-DBA25059805B} = {81698BA0-AC38-4988-A749-51579795F4A0}
		{8FCDB07B-6F81-4C8C-85F9-1BBBBB73C744} = {81698BA0-AC38-4988-A749-51579795F4A0}
		{CC75B75F-FDED-448F-8AC4-AC5E1E520CC7} = {81698BA0-AC38-4988-A749-51579795F4A0}
		{766CDC1D-BAA1-4E74-B91B-BCCBEC083219} = {81698BA0-AC38-4988-A749-51579795F4A0}
		{6E3193B7-7316-415A-B529-0F743D5F267B} = {A529F940-C866-465F-BB01-603A863D918D}
		{68F2D8A3-05A8-4AAA-A9E2-00071188595B} = {A529F940-C866-465F-BB01-603A863D918D}
		{95C796FD-57F1-4D2E-927F-4E34EA75E319} = {A529F940-C866-465F-BB01-603A863D918D}
		{28682FE4-EC72-42A3-BB2C-27D19F55E14F} = {A529F940-C866-465F-BB01-603A863D918D}
		{E58B3BAA-0F89-4E6D-B34E-4607DFA8F805} = {A529F940-C866-465F-BB01-603A863D918D}
		{22661B55-AD41-4232-8EE7-485CAE0F4F3D} = {A529F940-C866-465F-BB01-603A863D918D}
		{E280C623-F0DD-47A8-AC87-80A0B5BBAFDB} = {A529F940-C866-465F-BB01-603A863D918D}
		{C4C4FC67-5D56-4426-ACC5-B53CD24C6B69} = {A529F940-C866-465F-BB01-603A863D918D}
		{9EB7A2CF-AE03-47EE-B850-88A0FCCDD0BD} = {9BF95808-E499-43EB-8576-EBED6B5A6B6B}
		{9E9B358E-6067-41B9-B986-E58E09210FC5} = {9BF95808-E499-43EB-8576-EBED6B5A6B6B}
		{22FCD4A7-053E-4FFB-AB33-4CA9A93903EE} = {A529F940-C866-465F-BB01-603A863D918D}
	EndGlobalSection
	GlobalSection(ExtensibilityGlobals) = postSolution
		SolutionGuid = {135685B8-AE31-46D3-904D-37762D78A646}
	EndGlobalSection
EndGlobal
